
Microsoft Visual Studio Solution File, Format Version 12.00
Project("{2150E333-8FDC-42A3-9474-1A3956D46DE8}") = "Creational", "Creational", "{5E071FAF-1165-4999-B0AF-C3BC3FE8E421}"
EndProject
Project("{FAE04EC0-301F-11D3-BF4B-00C04F79EFBC}") = "Singleton", "Singleton\Singleton.csproj", "{A8B2A949-8193-4C79-BF06-55BB9F0C3F18}"
EndProject
Project("{FAE04EC0-301F-11D3-BF4B-00C04F79EFBC}") = "FactoryMethod", "FactoryMethod\FactoryMethod.csproj", "{B6C3745B-093F-4AF0-B2FE-B72133B75AC2}"
EndProject
Global
	GlobalSection(SolutionConfigurationPlatforms) = preSolution
		Debug|Any CPU = Debug|Any CPU
		Release|Any CPU = Release|Any CPU
	EndGlobalSection
	GlobalSection(NestedProjects) = preSolution
		{A8B2A949-8193-4C79-BF06-55BB9F0C3F18} = {5E071FAF-1165-4999-B0AF-C3BC3FE8E421}
	EndGlobalSection
	GlobalSection(ProjectConfigurationPlatforms) = postSolution
		{A8B2A949-8193-4C79-BF06-55BB9F0C3F18}.Debug|Any CPU.ActiveCfg = Debug|Any CPU
		{A8B2A949-8193-4C79-BF06-55BB9F0C3F18}.Debug|Any CPU.Build.0 = Debug|Any CPU
		{A8B2A949-8193-4C79-BF06-55BB9F0C3F18}.Release|Any CPU.ActiveCfg = Release|Any CPU
		{A8B2A949-8193-4C79-BF06-55BB9F0C3F18}.Release|Any CPU.Build.0 = Release|Any CPU
		{B6C3745B-093F-4AF0-B2FE-B72133B75AC2}.Debug|Any CPU.ActiveCfg = Debug|Any CPU
		{B6C3745B-093F-4AF0-B2FE-B72133B75AC2}.Debug|Any CPU.Build.0 = Debug|Any CPU
		{B6C3745B-093F-4AF0-B2FE-B72133B75AC2}.Release|Any CPU.ActiveCfg = Release|Any CPU
		{B6C3745B-093F-4AF0-B2FE-B72133B75AC2}.Release|Any CPU.Build.0 = Release|Any CPU
	EndGlobalSection
EndGlobal
