
Microsoft Visual Studio Solution File, Format Version 12.00
Project("{2150E333-8FDC-42A3-9474-1A3956D46DE8}") = "Creational", "Creational", "{5E071FAF-1165-4999-B0AF-C3BC3FE8E421}"
EndProject
Project("{FAE04EC0-301F-11D3-BF4B-00C04F79EFBC}") = "Singleton", "Singleton\Singleton.csproj", "{A8B2A949-8193-4C79-BF06-55BB9F0C3F18}"
EndProject
Project("{FAE04EC0-301F-11D3-BF4B-00C04F79EFBC}") = "FactoryMethod", "FactoryMethod\FactoryMethod.csproj", "{B6C3745B-093F-4AF0-B2FE-B72133B75AC2}"
EndProject
Project("{FAE04EC0-301F-11D3-BF4B-00C04F79EFBC}") = "AbstractFactory", "AbstractFactory\AbstractFactory.csproj", "{9511BDEC-55EB-4866-975E-1A3284CD294A}"
EndProject
Project("{FAE04EC0-301F-11D3-BF4B-00C04F79EFBC}") = "Builder", "Builder\Builder.csproj", "{DF647B6C-1E5B-45AA-9286-E573FB27AECE}"
EndProject
Project("{FAE04EC0-301F-11D3-BF4B-00C04F79EFBC}") = "Prototype", "Prototype\Prototype.csproj", "{E7058814-F765-4AE6-B025-AF9E3F1D90BA}"
EndProject
Project("{2150E333-8FDC-42A3-9474-1A3956D46DE8}") = "Structural", "Structural", "{492ECD13-8CD5-431A-8FAB-7FE52F58DA10}"
EndProject
Project("{FAE04EC0-301F-11D3-BF4B-00C04F79EFBC}") = "Adapter", "Adapter\Adapter.csproj", "{9C7FE329-3365-4471-844D-77366462DA1A}"
EndProject
Project("{FAE04EC0-301F-11D3-BF4B-00C04F79EFBC}") = "Bridge", "Bridge\Bridge.csproj", "{8F882C08-CC25-4CF7-A0FD-2693CC48A80B}"
EndProject
Project("{FAE04EC0-301F-11D3-BF4B-00C04F79EFBC}") = "Decorator", "Decorator\Decorator.csproj", "{E8A9CEB1-7A51-4BB4-9674-29F83DC44526}"
EndProject
Project("{FAE04EC0-301F-11D3-BF4B-00C04F79EFBC}") = "Composite", "Composite\Composite.csproj", "{F05E179E-7874-42B8-AAA3-CBE3B48E9473}"
EndProject
Project("{FAE04EC0-301F-11D3-BF4B-00C04F79EFBC}") = "Facade", "Facade\Facade.csproj", "{7862E493-4090-49E4-A423-AC57F7D37D28}"
EndProject
Project("{FAE04EC0-301F-11D3-BF4B-00C04F79EFBC}") = "Proxy", "Proxy\Proxy.csproj", "{C76C4D25-8DA1-4FAF-9FD4-37F7BC3A83CD}"
EndProject
Project("{FAE04EC0-301F-11D3-BF4B-00C04F79EFBC}") = "Flyweight", "Flyweight\Flyweight.csproj", "{55293F66-C1A7-4A4A-AFB1-D0D75C660658}"
EndProject
Project("{2150E333-8FDC-42A3-9474-1A3956D46DE8}") = "Behavioral", "Behavioral", "{D7A66174-588C-48AC-9ACE-018BFA4BB103}"
EndProject
Project("{FAE04EC0-301F-11D3-BF4B-00C04F79EFBC}") = "Template", "Template\Template.csproj", "{7F51AC86-05C2-4DC0-BE44-BABB2F60CF2A}"
EndProject
Project("{FAE04EC0-301F-11D3-BF4B-00C04F79EFBC}") = "Strategy", "Strategy\Strategy.csproj", "{CEF746DB-BF88-4CFB-A03A-644FA121003E}"
EndProject
Project("{FAE04EC0-301F-11D3-BF4B-00C04F79EFBC}") = "Command", "Command\Command.csproj", "{300BD3D7-3A66-4478-88E3-F3CA77C64977}"
EndProject
Project("{FAE04EC0-301F-11D3-BF4B-00C04F79EFBC}") = "Memento", "Memento\Memento.csproj", "{F656F1DB-5DB7-44C7-A559-8AA6B2004781}"
EndProject
Project("{FAE04EC0-301F-11D3-BF4B-00C04F79EFBC}") = "Mediator", "Mediator\Mediator.csproj", "{2EC38F93-FB50-42B5-83D3-10B071A5AC20}"
EndProject
Project("{FAE04EC0-301F-11D3-BF4B-00C04F79EFBC}") = "ChainOfResponsibility", "ChainOfResponsibility\ChainOfResponsibility.csproj", "{781E137E-130B-4E97-A7BF-3407C26F82B9}"
EndProject
Project("{FAE04EC0-301F-11D3-BF4B-00C04F79EFBC}") = "Observer", "Observer\Observer.csproj", "{1063FCE6-2186-45D3-99AA-227DFE49ADB2}"
EndProject
Global
	GlobalSection(SolutionConfigurationPlatforms) = preSolution
		Debug|Any CPU = Debug|Any CPU
		Release|Any CPU = Release|Any CPU
	EndGlobalSection
	GlobalSection(NestedProjects) = preSolution
		{A8B2A949-8193-4C79-BF06-55BB9F0C3F18} = {5E071FAF-1165-4999-B0AF-C3BC3FE8E421}
		{B6C3745B-093F-4AF0-B2FE-B72133B75AC2} = {5E071FAF-1165-4999-B0AF-C3BC3FE8E421}
		{9511BDEC-55EB-4866-975E-1A3284CD294A} = {5E071FAF-1165-4999-B0AF-C3BC3FE8E421}
		{DF647B6C-1E5B-45AA-9286-E573FB27AECE} = {5E071FAF-1165-4999-B0AF-C3BC3FE8E421}
		{E7058814-F765-4AE6-B025-AF9E3F1D90BA} = {5E071FAF-1165-4999-B0AF-C3BC3FE8E421}
		{9C7FE329-3365-4471-844D-77366462DA1A} = {492ECD13-8CD5-431A-8FAB-7FE52F58DA10}
		{8F882C08-CC25-4CF7-A0FD-2693CC48A80B} = {492ECD13-8CD5-431A-8FAB-7FE52F58DA10}
		{E8A9CEB1-7A51-4BB4-9674-29F83DC44526} = {492ECD13-8CD5-431A-8FAB-7FE52F58DA10}
		{F05E179E-7874-42B8-AAA3-CBE3B48E9473} = {492ECD13-8CD5-431A-8FAB-7FE52F58DA10}
		{7862E493-4090-49E4-A423-AC57F7D37D28} = {492ECD13-8CD5-431A-8FAB-7FE52F58DA10}
		{C76C4D25-8DA1-4FAF-9FD4-37F7BC3A83CD} = {492ECD13-8CD5-431A-8FAB-7FE52F58DA10}
		{55293F66-C1A7-4A4A-AFB1-D0D75C660658} = {492ECD13-8CD5-431A-8FAB-7FE52F58DA10}
		{7F51AC86-05C2-4DC0-BE44-BABB2F60CF2A} = {D7A66174-588C-48AC-9ACE-018BFA4BB103}
		{CEF746DB-BF88-4CFB-A03A-644FA121003E} = {D7A66174-588C-48AC-9ACE-018BFA4BB103}
		{300BD3D7-3A66-4478-88E3-F3CA77C64977} = {D7A66174-588C-48AC-9ACE-018BFA4BB103}
		{F656F1DB-5DB7-44C7-A559-8AA6B2004781} = {D7A66174-588C-48AC-9ACE-018BFA4BB103}
		{2EC38F93-FB50-42B5-83D3-10B071A5AC20} = {D7A66174-588C-48AC-9ACE-018BFA4BB103}
		{781E137E-130B-4E97-A7BF-3407C26F82B9} = {D7A66174-588C-48AC-9ACE-018BFA4BB103}
		{1063FCE6-2186-45D3-99AA-227DFE49ADB2} = {D7A66174-588C-48AC-9ACE-018BFA4BB103}
	EndGlobalSection
	GlobalSection(ProjectConfigurationPlatforms) = postSolution
		{A8B2A949-8193-4C79-BF06-55BB9F0C3F18}.Debug|Any CPU.ActiveCfg = Debug|Any CPU
		{A8B2A949-8193-4C79-BF06-55BB9F0C3F18}.Debug|Any CPU.Build.0 = Debug|Any CPU
		{A8B2A949-8193-4C79-BF06-55BB9F0C3F18}.Release|Any CPU.ActiveCfg = Release|Any CPU
		{A8B2A949-8193-4C79-BF06-55BB9F0C3F18}.Release|Any CPU.Build.0 = Release|Any CPU
		{B6C3745B-093F-4AF0-B2FE-B72133B75AC2}.Debug|Any CPU.ActiveCfg = Debug|Any CPU
		{B6C3745B-093F-4AF0-B2FE-B72133B75AC2}.Debug|Any CPU.Build.0 = Debug|Any CPU
		{B6C3745B-093F-4AF0-B2FE-B72133B75AC2}.Release|Any CPU.ActiveCfg = Release|Any CPU
		{B6C3745B-093F-4AF0-B2FE-B72133B75AC2}.Release|Any CPU.Build.0 = Release|Any CPU
		{9511BDEC-55EB-4866-975E-1A3284CD294A}.Debug|Any CPU.ActiveCfg = Debug|Any CPU
		{9511BDEC-55EB-4866-975E-1A3284CD294A}.Debug|Any CPU.Build.0 = Debug|Any CPU
		{9511BDEC-55EB-4866-975E-1A3284CD294A}.Release|Any CPU.ActiveCfg = Release|Any CPU
		{9511BDEC-55EB-4866-975E-1A3284CD294A}.Release|Any CPU.Build.0 = Release|Any CPU
		{DF647B6C-1E5B-45AA-9286-E573FB27AECE}.Debug|Any CPU.ActiveCfg = Debug|Any CPU
		{DF647B6C-1E5B-45AA-9286-E573FB27AECE}.Debug|Any CPU.Build.0 = Debug|Any CPU
		{DF647B6C-1E5B-45AA-9286-E573FB27AECE}.Release|Any CPU.ActiveCfg = Release|Any CPU
		{DF647B6C-1E5B-45AA-9286-E573FB27AECE}.Release|Any CPU.Build.0 = Release|Any CPU
		{E7058814-F765-4AE6-B025-AF9E3F1D90BA}.Debug|Any CPU.ActiveCfg = Debug|Any CPU
		{E7058814-F765-4AE6-B025-AF9E3F1D90BA}.Debug|Any CPU.Build.0 = Debug|Any CPU
		{E7058814-F765-4AE6-B025-AF9E3F1D90BA}.Release|Any CPU.ActiveCfg = Release|Any CPU
		{E7058814-F765-4AE6-B025-AF9E3F1D90BA}.Release|Any CPU.Build.0 = Release|Any CPU
		{9C7FE329-3365-4471-844D-77366462DA1A}.Debug|Any CPU.ActiveCfg = Debug|Any CPU
		{9C7FE329-3365-4471-844D-77366462DA1A}.Debug|Any CPU.Build.0 = Debug|Any CPU
		{9C7FE329-3365-4471-844D-77366462DA1A}.Release|Any CPU.ActiveCfg = Release|Any CPU
		{9C7FE329-3365-4471-844D-77366462DA1A}.Release|Any CPU.Build.0 = Release|Any CPU
		{8F882C08-CC25-4CF7-A0FD-2693CC48A80B}.Debug|Any CPU.ActiveCfg = Debug|Any CPU
		{8F882C08-CC25-4CF7-A0FD-2693CC48A80B}.Debug|Any CPU.Build.0 = Debug|Any CPU
		{8F882C08-CC25-4CF7-A0FD-2693CC48A80B}.Release|Any CPU.ActiveCfg = Release|Any CPU
		{8F882C08-CC25-4CF7-A0FD-2693CC48A80B}.Release|Any CPU.Build.0 = Release|Any CPU
		{E8A9CEB1-7A51-4BB4-9674-29F83DC44526}.Debug|Any CPU.ActiveCfg = Debug|Any CPU
		{E8A9CEB1-7A51-4BB4-9674-29F83DC44526}.Debug|Any CPU.Build.0 = Debug|Any CPU
		{E8A9CEB1-7A51-4BB4-9674-29F83DC44526}.Release|Any CPU.ActiveCfg = Release|Any CPU
		{E8A9CEB1-7A51-4BB4-9674-29F83DC44526}.Release|Any CPU.Build.0 = Release|Any CPU
		{F05E179E-7874-42B8-AAA3-CBE3B48E9473}.Debug|Any CPU.ActiveCfg = Debug|Any CPU
		{F05E179E-7874-42B8-AAA3-CBE3B48E9473}.Debug|Any CPU.Build.0 = Debug|Any CPU
		{F05E179E-7874-42B8-AAA3-CBE3B48E9473}.Release|Any CPU.ActiveCfg = Release|Any CPU
		{F05E179E-7874-42B8-AAA3-CBE3B48E9473}.Release|Any CPU.Build.0 = Release|Any CPU
		{7862E493-4090-49E4-A423-AC57F7D37D28}.Debug|Any CPU.ActiveCfg = Debug|Any CPU
		{7862E493-4090-49E4-A423-AC57F7D37D28}.Debug|Any CPU.Build.0 = Debug|Any CPU
		{7862E493-4090-49E4-A423-AC57F7D37D28}.Release|Any CPU.ActiveCfg = Release|Any CPU
		{7862E493-4090-49E4-A423-AC57F7D37D28}.Release|Any CPU.Build.0 = Release|Any CPU
		{C76C4D25-8DA1-4FAF-9FD4-37F7BC3A83CD}.Debug|Any CPU.ActiveCfg = Debug|Any CPU
		{C76C4D25-8DA1-4FAF-9FD4-37F7BC3A83CD}.Debug|Any CPU.Build.0 = Debug|Any CPU
		{C76C4D25-8DA1-4FAF-9FD4-37F7BC3A83CD}.Release|Any CPU.ActiveCfg = Release|Any CPU
		{C76C4D25-8DA1-4FAF-9FD4-37F7BC3A83CD}.Release|Any CPU.Build.0 = Release|Any CPU
		{55293F66-C1A7-4A4A-AFB1-D0D75C660658}.Debug|Any CPU.ActiveCfg = Debug|Any CPU
		{55293F66-C1A7-4A4A-AFB1-D0D75C660658}.Debug|Any CPU.Build.0 = Debug|Any CPU
		{55293F66-C1A7-4A4A-AFB1-D0D75C660658}.Release|Any CPU.ActiveCfg = Release|Any CPU
		{55293F66-C1A7-4A4A-AFB1-D0D75C660658}.Release|Any CPU.Build.0 = Release|Any CPU
		{7F51AC86-05C2-4DC0-BE44-BABB2F60CF2A}.Debug|Any CPU.ActiveCfg = Debug|Any CPU
		{7F51AC86-05C2-4DC0-BE44-BABB2F60CF2A}.Debug|Any CPU.Build.0 = Debug|Any CPU
		{7F51AC86-05C2-4DC0-BE44-BABB2F60CF2A}.Release|Any CPU.ActiveCfg = Release|Any CPU
		{7F51AC86-05C2-4DC0-BE44-BABB2F60CF2A}.Release|Any CPU.Build.0 = Release|Any CPU
		{CEF746DB-BF88-4CFB-A03A-644FA121003E}.Debug|Any CPU.ActiveCfg = Debug|Any CPU
		{CEF746DB-BF88-4CFB-A03A-644FA121003E}.Debug|Any CPU.Build.0 = Debug|Any CPU
		{CEF746DB-BF88-4CFB-A03A-644FA121003E}.Release|Any CPU.ActiveCfg = Release|Any CPU
		{CEF746DB-BF88-4CFB-A03A-644FA121003E}.Release|Any CPU.Build.0 = Release|Any CPU
		{300BD3D7-3A66-4478-88E3-F3CA77C64977}.Debug|Any CPU.ActiveCfg = Debug|Any CPU
		{300BD3D7-3A66-4478-88E3-F3CA77C64977}.Debug|Any CPU.Build.0 = Debug|Any CPU
		{300BD3D7-3A66-4478-88E3-F3CA77C64977}.Release|Any CPU.ActiveCfg = Release|Any CPU
		{300BD3D7-3A66-4478-88E3-F3CA77C64977}.Release|Any CPU.Build.0 = Release|Any CPU
		{F656F1DB-5DB7-44C7-A559-8AA6B2004781}.Debug|Any CPU.ActiveCfg = Debug|Any CPU
		{F656F1DB-5DB7-44C7-A559-8AA6B2004781}.Debug|Any CPU.Build.0 = Debug|Any CPU
		{F656F1DB-5DB7-44C7-A559-8AA6B2004781}.Release|Any CPU.ActiveCfg = Release|Any CPU
		{F656F1DB-5DB7-44C7-A559-8AA6B2004781}.Release|Any CPU.Build.0 = Release|Any CPU
		{2EC38F93-FB50-42B5-83D3-10B071A5AC20}.Debug|Any CPU.ActiveCfg = Debug|Any CPU
		{2EC38F93-FB50-42B5-83D3-10B071A5AC20}.Debug|Any CPU.Build.0 = Debug|Any CPU
		{2EC38F93-FB50-42B5-83D3-10B071A5AC20}.Release|Any CPU.ActiveCfg = Release|Any CPU
		{2EC38F93-FB50-42B5-83D3-10B071A5AC20}.Release|Any CPU.Build.0 = Release|Any CPU
		{781E137E-130B-4E97-A7BF-3407C26F82B9}.Debug|Any CPU.ActiveCfg = Debug|Any CPU
		{781E137E-130B-4E97-A7BF-3407C26F82B9}.Debug|Any CPU.Build.0 = Debug|Any CPU
		{781E137E-130B-4E97-A7BF-3407C26F82B9}.Release|Any CPU.ActiveCfg = Release|Any CPU
		{781E137E-130B-4E97-A7BF-3407C26F82B9}.Release|Any CPU.Build.0 = Release|Any CPU
		{1063FCE6-2186-45D3-99AA-227DFE49ADB2}.Debug|Any CPU.ActiveCfg = Debug|Any CPU
		{1063FCE6-2186-45D3-99AA-227DFE49ADB2}.Debug|Any CPU.Build.0 = Debug|Any CPU
		{1063FCE6-2186-45D3-99AA-227DFE49ADB2}.Release|Any CPU.ActiveCfg = Release|Any CPU
		{1063FCE6-2186-45D3-99AA-227DFE49ADB2}.Release|Any CPU.Build.0 = Release|Any CPU
	EndGlobalSection
EndGlobal
